
Microsoft Visual Studio Solution File, Format Version 12.00
# Visual Studio Version 17
VisualStudioVersion = 17.7.34031.279
MinimumVisualStudioVersion = 10.0.40219.1
Project("{FAE04EC0-301F-11D3-BF4B-00C04F79EFBC}") = "WpfApp1", "WpfApp1\WpfApp1.csproj", "{A30AE8FF-BB72-437B-A702-607219F5AFBA}"
EndProject
Global
	GlobalSection(SolutionConfigurationPlatforms) = preSolution
		Debug|Any CPU = Debug|Any CPU
		Release|Any CPU = Release|Any CPU
	EndGlobalSection
	GlobalSection(ProjectConfigurationPlatforms) = postSolution
		{A30AE8FF-BB72-437B-A702-607219F5AFBA}.Debug|Any CPU.ActiveCfg = Debug|Any CPU
		{A30AE8FF-BB72-437B-A702-607219F5AFBA}.Debug|Any CPU.Build.0 = Debug|Any CPU
		{A30AE8FF-BB72-437B-A702-607219F5AFBA}.Release|Any CPU.ActiveCfg = Release|Any CPU
		{A30AE8FF-BB72-437B-A702-607219F5AFBA}.Release|Any CPU.Build.0 = Release|Any CPU
	EndGlobalSection
	GlobalSection(SolutionProperties) = preSolution
		HideSolutionNode = FALSE
	EndGlobalSection
	GlobalSection(ExtensibilityGlobals) = postSolution
		SolutionGuid = {86B6182E-27EB-41E8-A5C2-E64533516C5D}
	EndGlobalSection
EndGlobal
